
Microsoft Visual Studio Solution File, Format Version 12.00
# Visual Studio Version 17
VisualStudioVersion = 17.4.33213.308
MinimumVisualStudioVersion = 10.0.40219.1
Project("{FAE04EC0-301F-11D3-BF4B-00C04F79EFBC}") = "Assignment1-DucMinhHuynh", "Assignment1-DucMinhHuynh\Assignment1-DucMinhHuynh.csproj", "{964385E5-1A5A-469D-A382-5DC0FCC6DE8C}"
EndProject
Global
	GlobalSection(SolutionConfigurationPlatforms) = preSolution
		Debug|Any CPU = Debug|Any CPU
		Release|Any CPU = Release|Any CPU
	EndGlobalSection
	GlobalSection(ProjectConfigurationPlatforms) = postSolution
		{964385E5-1A5A-469D-A382-5DC0FCC6DE8C}.Debug|Any CPU.ActiveCfg = Debug|Any CPU
		{964385E5-1A5A-469D-A382-5DC0FCC6DE8C}.Debug|Any CPU.Build.0 = Debug|Any CPU
		{964385E5-1A5A-469D-A382-5DC0FCC6DE8C}.Release|Any CPU.ActiveCfg = Release|Any CPU
		{964385E5-1A5A-469D-A382-5DC0FCC6DE8C}.Release|Any CPU.Build.0 = Release|Any CPU
	EndGlobalSection
	GlobalSection(SolutionProperties) = preSolution
		HideSolutionNode = FALSE
	EndGlobalSection
	GlobalSection(ExtensibilityGlobals) = postSolution
		SolutionGuid = {FC33A2CE-EED8-4A85-BAAF-FBD800EE4E48}
	EndGlobalSection
EndGlobal
